// !$*UTF8*$!
{
	archiveVersion = 1;
	classes = {
	};
	objectVersion = 46;
	objects = {

/* Begin PBXBuildFile section */
		698D781C1E9D3B72001944B6 /* NewsItemCell.swift in Sources */ = {isa = PBXBuildFile; fileRef = 698D781B1E9D3B72001944B6 /* NewsItemCell.swift */; };
		69D21FF51E9D21E700125090 /* AppDelegate.swift in Sources */ = {isa = PBXBuildFile; fileRef = 69D21FF41E9D21E700125090 /* AppDelegate.swift */; };
		69D21FFA1E9D21E700125090 /* Main.storyboard in Resources */ = {isa = PBXBuildFile; fileRef = 69D21FF81E9D21E700125090 /* Main.storyboard */; };
		69D21FFC1E9D21E700125090 /* Assets.xcassets in Resources */ = {isa = PBXBuildFile; fileRef = 69D21FFB1E9D21E700125090 /* Assets.xcassets */; };
		69D21FFF1E9D21E700125090 /* LaunchScreen.storyboard in Resources */ = {isa = PBXBuildFile; fileRef = 69D21FFD1E9D21E700125090 /* LaunchScreen.storyboard */; };
		69D220071E9D22EB00125090 /* TableViewController.swift in Sources */ = {isa = PBXBuildFile; fileRef = 69D220061E9D22EB00125090 /* TableViewController.swift */; };
		69D220091E9D354500125090 /* NewsItem.swift in Sources */ = {isa = PBXBuildFile; fileRef = 69D220081E9D354500125090 /* NewsItem.swift */; };
/* End PBXBuildFile section */

/* Begin PBXFileReference section */
		698D781B1E9D3B72001944B6 /* NewsItemCell.swift */ = {isa = PBXFileReference; fileEncoding = 4; lastKnownFileType = sourcecode.swift; path = NewsItemCell.swift; sourceTree = "<group>"; };
		69D21FF11E9D21E700125090 /* Stretch_My_Header.app */ = {isa = PBXFileReference; explicitFileType = wrapper.application; includeInIndex = 0; path = Stretch_My_Header.app; sourceTree = BUILT_PRODUCTS_DIR; };
		69D21FF41E9D21E700125090 /* AppDelegate.swift */ = {isa = PBXFileReference; lastKnownFileType = sourcecode.swift; path = AppDelegate.swift; sourceTree = "<group>"; };
		69D21FF91E9D21E700125090 /* Base */ = {isa = PBXFileReference; lastKnownFileType = file.storyboard; name = Base; path = Base.lproj/Main.storyboard; sourceTree = "<group>"; };
		69D21FFB1E9D21E700125090 /* Assets.xcassets */ = {isa = PBXFileReference; lastKnownFileType = folder.assetcatalog; path = Assets.xcassets; sourceTree = "<group>"; };
		69D21FFE1E9D21E700125090 /* Base */ = {isa = PBXFileReference; lastKnownFileType = file.storyboard; name = Base; path = Base.lproj/LaunchScreen.storyboard; sourceTree = "<group>"; };
		69D220001E9D21E700125090 /* Info.plist */ = {isa = PBXFileReference; lastKnownFileType = text.plist.xml; path = Info.plist; sourceTree = "<group>"; };
		69D220061E9D22EB00125090 /* TableViewController.swift */ = {isa = PBXFileReference; fileEncoding = 4; lastKnownFileType = sourcecode.swift; path = TableViewController.swift; sourceTree = "<group>"; };
		69D220081E9D354500125090 /* NewsItem.swift */ = {isa = PBXFileReference; fileEncoding = 4; lastKnownFileType = sourcecode.swift; path = NewsItem.swift; sourceTree = "<group>"; };
/* End PBXFileReference section */

/* Begin PBXFrameworksBuildPhase section */
		69D21FEE1E9D21E700125090 /* Frameworks */ = {
			isa = PBXFrameworksBuildPhase;
			buildActionMask = 2147483647;
			files = (
			);
			runOnlyForDeploymentPostprocessing = 0;
		};
/* End PBXFrameworksBuildPhase section */

/* Begin PBXGroup section */
		69D21FE81E9D21E700125090 = {
			isa = PBXGroup;
			children = (
				69D21FF31E9D21E700125090 /* Stretch_My_Header */,
				69D21FF21E9D21E700125090 /* Products */,
			);
			sourceTree = "<group>";
		};
		69D21FF21E9D21E700125090 /* Products */ = {
			isa = PBXGroup;
			children = (
				69D21FF11E9D21E700125090 /* Stretch_My_Header.app */,
			);
			name = Products;
			sourceTree = "<group>";
		};
		69D21FF31E9D21E700125090 /* Stretch_My_Header */ = {
			isa = PBXGroup;
			children = (
				69D21FF81E9D21E700125090 /* Main.storyboard */,
				69D220081E9D354500125090 /* NewsItem.swift */,
				698D781B1E9D3B72001944B6 /* NewsItemCell.swift */,
				69D220061E9D22EB00125090 /* TableViewController.swift */,
				69D21FFB1E9D21E700125090 /* Assets.xcassets */,
				69D21FFD1E9D21E700125090 /* LaunchScreen.storyboard */,
				69D220001E9D21E700125090 /* Info.plist */,
				69D21FF41E9D21E700125090 /* AppDelegate.swift */,
			);
			path = Stretch_My_Header;
			sourceTree = "<group>";
		};
/* End PBXGroup section */

/* Begin PBXNativeTarget section */
		69D21FF01E9D21E700125090 /* Stretch_My_Header */ = {
			isa = PBXNativeTarget;
			buildConfigurationList = 69D220031E9D21E700125090 /* Build configuration list for PBXNativeTarget "Stretch_My_Header" */;
			buildPhases = (
				69D21FED1E9D21E700125090 /* Sources */,
				69D21FEE1E9D21E700125090 /* Frameworks */,
				69D21FEF1E9D21E700125090 /* Resources */,
			);
			buildRules = (
			);
			dependencies = (
			);
			name = Stretch_My_Header;
			productName = Stretch_My_Header;
			productReference = 69D21FF11E9D21E700125090 /* Stretch_My_Header.app */;
			productType = "com.apple.product-type.application";
		};
/* End PBXNativeTarget section */

/* Begin PBXProject section */
		69D21FE91E9D21E700125090 /* Project object */ = {
			isa = PBXProject;
			attributes = {
				LastSwiftUpdateCheck = 0830;
				LastUpgradeCheck = 0830;
				ORGANIZATIONNAME = "Trevor MacGregor";
				TargetAttributes = {
					69D21FF01E9D21E700125090 = {
						CreatedOnToolsVersion = 8.3;
						ProvisioningStyle = Automatic;
					};
				};
			};
			buildConfigurationList = 69D21FEC1E9D21E700125090 /* Build configuration list for PBXProject "Stretch_My_Header" */;
			compatibilityVersion = "Xcode 3.2";
			developmentRegion = English;
			hasScannedForEncodings = 0;
			knownRegions = (
				en,
				Base,
			);
			mainGroup = 69D21FE81E9D21E700125090;
			productRefGroup = 69D21FF21E9D21E700125090 /* Products */;
			projectDirPath = "";
			projectRoot = "";
			targets = (
				69D21FF01E9D21E700125090 /* Stretch_My_Header */,
			);
		};
/* End PBXProject section */

/* Begin PBXResourcesBuildPhase section */
		69D21FEF1E9D21E700125090 /* Resources */ = {
			isa = PBXResourcesBuildPhase;
			buildActionMask = 2147483647;
			files = (
				69D21FFF1E9D21E700125090 /* LaunchScreen.storyboard in Resources */,
				69D21FFC1E9D21E700125090 /* Assets.xcassets in Resources */,
				69D21FFA1E9D21E700125090 /* Main.storyboard in Resources */,
			);
			runOnlyForDeploymentPostprocessing = 0;
		};
/* End PBXResourcesBuildPhase section */

/* Begin PBXSourcesBuildPhase section */
		69D21FED1E9D21E700125090 /* Sources */ = {
			isa = PBXSourcesBuildPhase;
			buildActionMask = 2147483647;
			files = (
				69D21FF51E9D21E700125090 /* AppDelegate.swift in Sources */,
				698D781C1E9D3B72001944B6 /* NewsItemCell.swift in Sources */,
				69D220091E9D354500125090 /* NewsItem.swift in Sources */,
				69D220071E9D22EB00125090 /* TableViewController.swift in Sources */,
			);
			runOnlyForDeploymentPostprocessing = 0;
		};
/* End PBXSourcesBuildPhase section */

/* Begin PBXVariantGroup section */
		69D21FF81E9D21E700125090 /* Main.storyboard */ = {
			isa = PBXVariantGroup;
			children = (
				69D21FF91E9D21E700125090 /* Base */,
			);
			name = Main.storyboard;
			sourceTree = "<group>";
		};
		69D21FFD1E9D21E700125090 /* LaunchScreen.storyboard */ = {
			isa = PBXVariantGroup;
			children = (
				69D21FFE1E9D21E700125090 /* Base */,
			);
			name = LaunchScreen.storyboard;
			sourceTree = "<group>";
		};
/* End PBXVariantGroup section */

/* Begin XCBuildConfiguration section */
		69D220011E9D21E700125090 /* Debug */ = {
			isa = XCBuildConfiguration;
			buildSettings = {
				ALWAYS_SEARCH_USER_PATHS = NO;
				CLANG_ANALYZER_NONNULL = YES;
				CLANG_ANALYZER_NUMBER_OBJECT_CONVERSION = YES_AGGRESSIVE;
				CLANG_CXX_LANGUAGE_STANDARD = "gnu++0x";
				CLANG_CXX_LIBRARY = "libc++";
				CLANG_ENABLE_MODULES = YES;
				CLANG_ENABLE_OBJC_ARC = YES;
				CLANG_WARN_BOOL_CONVERSION = YES;
				CLANG_WARN_CONSTANT_CONVERSION = YES;
				CLANG_WARN_DIRECT_OBJC_ISA_USAGE = YES_ERROR;
				CLANG_WARN_DOCUMENTATION_COMMENTS = YES;
				CLANG_WARN_EMPTY_BODY = YES;
				CLANG_WARN_ENUM_CONVERSION = YES;
				CLANG_WARN_INFINITE_RECURSION = YES;
				CLANG_WARN_INT_CONVERSION = YES;
				CLANG_WARN_OBJC_ROOT_CLASS = YES_ERROR;
				CLANG_WARN_SUSPICIOUS_MOVE = YES;
				CLANG_WARN_UNREACHABLE_CODE = YES;
				CLANG_WARN__DUPLICATE_METHOD_MATCH = YES;
				"CODE_SIGN_IDENTITY[sdk=iphoneos*]" = "iPhone Developer";
				COPY_PHASE_STRIP = NO;
				DEBUG_INFORMATION_FORMAT = dwarf;
				ENABLE_STRICT_OBJC_MSGSEND = YES;
				ENABLE_TESTABILITY = YES;
				GCC_C_LANGUAGE_STANDARD = gnu99;
				GCC_DYNAMIC_NO_PIC = NO;
				GCC_NO_COMMON_BLOCKS = YES;
				GCC_OPTIMIZATION_LEVEL = 0;
				GCC_PREPROCESSOR_DEFINITIONS = (
					"DEBUG=1",
					"$(inherited)",
				);
				GCC_WARN_64_TO_32_BIT_CONVERSION = YES;
				GCC_WARN_ABOUT_RETURN_TYPE = YES_ERROR;
				GCC_WARN_UNDECLARED_SELECTOR = YES;
				GCC_WARN_UNINITIALIZED_AUTOS = YES_AGGRESSIVE;
				GCC_WARN_UNUSED_FUNCTION = YES;
				GCC_WARN_UNUSED_VARIABLE = YES;
				IPHONEOS_DEPLOYMENT_TARGET = 10.3;
				MTL_ENABLE_DEBUG_INFO = YES;
				ONLY_ACTIVE_ARCH = YES;
				SDKROOT = iphoneos;
				SWIFT_ACTIVE_COMPILATION_CONDITIONS = DEBUG;
				SWIFT_OPTIMIZATION_LEVEL = "-Onone";
			};
			name = Debug;
		};
		69D220021E9D21E700125090 /* Release */ = {
			isa = XCBuildConfiguration;
			buildSettings = {
				ALWAYS_SEARCH_USER_PATHS = NO;
				CLANG_ANALYZER_NONNULL = YES;
				CLANG_ANALYZER_NUMBER_OBJECT_CONVERSION = YES_AGGRESSIVE;
				CLANG_CXX_LANGUAGE_STANDARD = "gnu++0x";
				CLANG_CXX_LIBRARY = "libc++";
				CLANG_ENABLE_MODULES = YES;
				CLANG_ENABLE_OBJC_ARC = YES;
				CLANG_WARN_BOOL_CONVERSION = YES;
				CLANG_WARN_CONSTANT_CONVERSION = YES;
				CLANG_WARN_DIRECT_OBJC_ISA_USAGE = YES_ERROR;
				CLANG_WARN_DOCUMENTATION_COMMENTS = YES;
				CLANG_WARN_EMPTY_BODY = YES;
				CLANG_WARN_ENUM_CONVERSION = YES;
				CLANG_WARN_INFINITE_RECURSION = YES;
				CLANG_WARN_INT_CONVERSION = YES;
				CLANG_WARN_OBJC_ROOT_CLASS = YES_ERROR;
				CLANG_WARN_SUSPICIOUS_MOVE = YES;
				CLANG_WARN_UNREACHABLE_CODE = YES;
				CLANG_WARN__DUPLICATE_METHOD_MATCH = YES;
				"CODE_SIGN_IDENTITY[sdk=iphoneos*]" = "iPhone Developer";
				COPY_PHASE_STRIP = NO;
				DEBUG_INFORMATION_FORMAT = "dwarf-with-dsym";
				ENABLE_NS_ASSERTIONS = NO;
				ENABLE_STRICT_OBJC_MSGSEND = YES;
				GCC_C_LANGUAGE_STANDARD = gnu99;
				GCC_NO_COMMON_BLOCKS = YES;
				GCC_WARN_64_TO_32_BIT_CONVERSION = YES;
				GCC_WARN_ABOUT_RETURN_TYPE = YES_ERROR;
				GCC_WARN_UNDECLARED_SELECTOR = YES;
				GCC_WARN_UNINITIALIZED_AUTOS = YES_AGGRESSIVE;
				GCC_WARN_UNUSED_FUNCTION = YES;
				GCC_WARN_UNUSED_VARIABLE = YES;
				IPHONEOS_DEPLOYMENT_TARGET = 10.3;
				MTL_ENABLE_DEBUG_INFO = NO;
				SDKROOT = iphoneos;
				SWIFT_OPTIMIZATION_LEVEL = "-Owholemodule";
				VALIDATE_PRODUCT = YES;
			};
			name = Release;
		};
		69D220041E9D21E700125090 /* Debug */ = {
			isa = XCBuildConfiguration;
			buildSettings = {
				ASSETCATALOG_COMPILER_APPICON_NAME = AppIcon;
				INFOPLIST_FILE = Stretch_My_Header/Info.plist;
				LD_RUNPATH_SEARCH_PATHS = "$(inherited) @executable_path/Frameworks";
				PRODUCT_BUNDLE_IDENTIFIER = "TMac.Stretch-My-Header";
				PRODUCT_NAME = "$(TARGET_NAME)";
				SWIFT_VERSION = 3.0;
			};
			name = Debug;
		};
		69D220051E9D21E700125090 /* Release */ = {
			isa = XCBuildConfiguration;
			buildSettings = {
				ASSETCATALOG_COMPILER_APPICON_NAME = AppIcon;
				INFOPLIST_FILE = Stretch_My_Header/Info.plist;
				LD_RUNPATH_SEARCH_PATHS = "$(inherited) @executable_path/Frameworks";
				PRODUCT_BUNDLE_IDENTIFIER = "TMac.Stretch-My-Header";
				PRODUCT_NAME = "$(TARGET_NAME)";
				SWIFT_VERSION = 3.0;
			};
			name = Release;
		};
/* End XCBuildConfiguration section */

/* Begin XCConfigurationList section */
		69D21FEC1E9D21E700125090 /* Build configuration list for PBXProject "Stretch_My_Header" */ = {
			isa = XCConfigurationList;
			buildConfigurations = (
				69D220011E9D21E700125090 /* Debug */,
				69D220021E9D21E700125090 /* Release */,
			);
			defaultConfigurationIsVisible = 0;
			defaultConfigurationName = Release;
		};
		69D220031E9D21E700125090 /* Build configuration list for PBXNativeTarget "Stretch_My_Header" */ = {
			isa = XCConfigurationList;
			buildConfigurations = (
				69D220041E9D21E700125090 /* Debug */,
				69D220051E9D21E700125090 /* Release */,
			);
			defaultConfigurationIsVisible = 0;
			defaultConfigurationName = Release;
		};
/* End XCConfigurationList section */
	};
	rootObject = 69D21FE91E9D21E700125090 /* Project object */;
}
